// !$*UTF8*$!
{
	archiveVersion = 1;
	classes = {
	};
	objectVersion = 46;
	objects = {

/* Begin PBXBuildFile section */
		66C6762A1C01C424006C0C2D /* TagViewCell.m in Sources */ = {isa = PBXBuildFile; fileRef = 66C676291C01C424006C0C2D /* TagViewCell.m */; };
		B703AC301C005DD500E6682B /* main.m in Sources */ = {isa = PBXBuildFile; fileRef = B703AC2F1C005DD500E6682B /* main.m */; };
		B703AC331C005DD500E6682B /* AppDelegate.m in Sources */ = {isa = PBXBuildFile; fileRef = B703AC321C005DD500E6682B /* AppDelegate.m */; };
		B703AC361C005DD500E6682B /* MapScreen.m in Sources */ = {isa = PBXBuildFile; fileRef = B703AC351C005DD500E6682B /* MapScreen.m */; };
		B703AC391C005DD500E6682B /* Main.storyboard in Resources */ = {isa = PBXBuildFile; fileRef = B703AC371C005DD500E6682B /* Main.storyboard */; };
		B703AC3B1C005DD500E6682B /* Assets.xcassets in Resources */ = {isa = PBXBuildFile; fileRef = B703AC3A1C005DD500E6682B /* Assets.xcassets */; };
		B703AC3E1C005DD500E6682B /* LaunchScreen.storyboard in Resources */ = {isa = PBXBuildFile; fileRef = B703AC3C1C005DD500E6682B /* LaunchScreen.storyboard */; };
		B71376C21C00672800D446D5 /* MapKit.framework in Frameworks */ = {isa = PBXBuildFile; fileRef = B71376C11C00672800D446D5 /* MapKit.framework */; };
		B72626AF1C006E3A00CCF4DD /* ARClusteredAnnotation.m in Sources */ = {isa = PBXBuildFile; fileRef = B72626AC1C006E3A00CCF4DD /* ARClusteredAnnotation.m */; };
		B72626B01C006E3A00CCF4DD /* ARClusteredMapView.m in Sources */ = {isa = PBXBuildFile; fileRef = B72626AE1C006E3A00CCF4DD /* ARClusteredMapView.m */; };
		B72626B51C007A9600CCF4DD /* POAScreen.m in Sources */ = {isa = PBXBuildFile; fileRef = B72626B41C007A9600CCF4DD /* POAScreen.m */; };
		B73C0E6D1C00AF8900C9CBC8 /* trash1.jpg in Resources */ = {isa = PBXBuildFile; fileRef = B73C0E6A1C00AF8900C9CBC8 /* trash1.jpg */; };
		B73C0E6E1C00AF8900C9CBC8 /* trash2.jpg in Resources */ = {isa = PBXBuildFile; fileRef = B73C0E6B1C00AF8900C9CBC8 /* trash2.jpg */; };
		B73C0E6F1C00AF8900C9CBC8 /* trash3.jpg in Resources */ = {isa = PBXBuildFile; fileRef = B73C0E6C1C00AF8900C9CBC8 /* trash3.jpg */; };
		B73C0E721C00B8EC00C9CBC8 /* InformationAddScreen.m in Sources */ = {isa = PBXBuildFile; fileRef = B73C0E711C00B8EC00C9CBC8 /* InformationAddScreen.m */; };
		B78085641C01DA3700304913 /* WindowsAzureMobileServices.framework in Frameworks */ = {isa = PBXBuildFile; fileRef = B78085631C01DA3700304913 /* WindowsAzureMobileServices.framework */; };
		B78085661C01DFB500304913 /* placeholder_image.png in Resources */ = {isa = PBXBuildFile; fileRef = B78085651C01DFB500304913 /* placeholder_image.png */; };
/* End PBXBuildFile section */

/* Begin PBXFileReference section */
		66C676281C01C424006C0C2D /* TagViewCell.h */ = {isa = PBXFileReference; fileEncoding = 4; lastKnownFileType = sourcecode.c.h; path = TagViewCell.h; sourceTree = "<group>"; };
		66C676291C01C424006C0C2D /* TagViewCell.m */ = {isa = PBXFileReference; fileEncoding = 4; lastKnownFileType = sourcecode.c.objc; path = TagViewCell.m; sourceTree = "<group>"; };
		B703AC2B1C005DD500E6682B /* Tidy.app */ = {isa = PBXFileReference; explicitFileType = wrapper.application; includeInIndex = 0; path = Tidy.app; sourceTree = BUILT_PRODUCTS_DIR; };
		B703AC2F1C005DD500E6682B /* main.m */ = {isa = PBXFileReference; lastKnownFileType = sourcecode.c.objc; path = main.m; sourceTree = "<group>"; };
		B703AC311C005DD500E6682B /* AppDelegate.h */ = {isa = PBXFileReference; lastKnownFileType = sourcecode.c.h; path = AppDelegate.h; sourceTree = "<group>"; };
		B703AC321C005DD500E6682B /* AppDelegate.m */ = {isa = PBXFileReference; lastKnownFileType = sourcecode.c.objc; path = AppDelegate.m; sourceTree = "<group>"; };
		B703AC341C005DD500E6682B /* MapScreen.h */ = {isa = PBXFileReference; lastKnownFileType = sourcecode.c.h; name = MapScreen.h; path = Tidy/MapScreen.h; sourceTree = "<group>"; };
		B703AC351C005DD500E6682B /* MapScreen.m */ = {isa = PBXFileReference; lastKnownFileType = sourcecode.c.objc; name = MapScreen.m; path = Tidy/MapScreen.m; sourceTree = "<group>"; };
		B703AC381C005DD500E6682B /* Base */ = {isa = PBXFileReference; lastKnownFileType = file.storyboard; name = Base; path = Base.lproj/Main.storyboard; sourceTree = "<group>"; };
		B703AC3A1C005DD500E6682B /* Assets.xcassets */ = {isa = PBXFileReference; lastKnownFileType = folder.assetcatalog; path = Assets.xcassets; sourceTree = "<group>"; };
		B703AC3D1C005DD500E6682B /* Base */ = {isa = PBXFileReference; lastKnownFileType = file.storyboard; name = Base; path = Base.lproj/LaunchScreen.storyboard; sourceTree = "<group>"; };
		B703AC3F1C005DD500E6682B /* Info.plist */ = {isa = PBXFileReference; lastKnownFileType = text.plist.xml; path = Info.plist; sourceTree = "<group>"; };
		B71376C11C00672800D446D5 /* MapKit.framework */ = {isa = PBXFileReference; lastKnownFileType = wrapper.framework; name = MapKit.framework; path = System/Library/Frameworks/MapKit.framework; sourceTree = SDKROOT; };
		B72626AB1C006E3A00CCF4DD /* ARClusteredAnnotation.h */ = {isa = PBXFileReference; fileEncoding = 4; lastKnownFileType = sourcecode.c.h; name = ARClusteredAnnotation.h; path = Libs/ARClusteredMapView/ARClusteredAnnotation.h; sourceTree = "<group>"; };
		B72626AC1C006E3A00CCF4DD /* ARClusteredAnnotation.m */ = {isa = PBXFileReference; fileEncoding = 4; lastKnownFileType = sourcecode.c.objc; name = ARClusteredAnnotation.m; path = Libs/ARClusteredMapView/ARClusteredAnnotation.m; sourceTree = "<group>"; };
		B72626AD1C006E3A00CCF4DD /* ARClusteredMapView.h */ = {isa = PBXFileReference; fileEncoding = 4; lastKnownFileType = sourcecode.c.h; name = ARClusteredMapView.h; path = Libs/ARClusteredMapView/ARClusteredMapView.h; sourceTree = "<group>"; };
		B72626AE1C006E3A00CCF4DD /* ARClusteredMapView.m */ = {isa = PBXFileReference; fileEncoding = 4; lastKnownFileType = sourcecode.c.objc; name = ARClusteredMapView.m; path = Libs/ARClusteredMapView/ARClusteredMapView.m; sourceTree = "<group>"; };
		B72626B31C007A9600CCF4DD /* POAScreen.h */ = {isa = PBXFileReference; fileEncoding = 4; lastKnownFileType = sourcecode.c.h; name = POAScreen.h; path = Tidy/POAScreen.h; sourceTree = "<group>"; };
		B72626B41C007A9600CCF4DD /* POAScreen.m */ = {isa = PBXFileReference; fileEncoding = 4; lastKnownFileType = sourcecode.c.objc; name = POAScreen.m; path = Tidy/POAScreen.m; sourceTree = "<group>"; };
		B73C0E6A1C00AF8900C9CBC8 /* trash1.jpg */ = {isa = PBXFileReference; lastKnownFileType = image.jpeg; name = trash1.jpg; path = DemoImages/trash1.jpg; sourceTree = "<group>"; };
		B73C0E6B1C00AF8900C9CBC8 /* trash2.jpg */ = {isa = PBXFileReference; lastKnownFileType = image.jpeg; name = trash2.jpg; path = DemoImages/trash2.jpg; sourceTree = "<group>"; };
		B73C0E6C1C00AF8900C9CBC8 /* trash3.jpg */ = {isa = PBXFileReference; lastKnownFileType = image.jpeg; name = trash3.jpg; path = DemoImages/trash3.jpg; sourceTree = "<group>"; };
		B73C0E701C00B8EC00C9CBC8 /* InformationAddScreen.h */ = {isa = PBXFileReference; fileEncoding = 4; lastKnownFileType = sourcecode.c.h; name = InformationAddScreen.h; path = Tidy/InformationAddScreen.h; sourceTree = "<group>"; };
		B73C0E711C00B8EC00C9CBC8 /* InformationAddScreen.m */ = {isa = PBXFileReference; fileEncoding = 4; lastKnownFileType = sourcecode.c.objc; name = InformationAddScreen.m; path = Tidy/InformationAddScreen.m; sourceTree = "<group>"; };
		B78085631C01DA3700304913 /* WindowsAzureMobileServices.framework */ = {isa = PBXFileReference; lastKnownFileType = wrapper.framework; path = WindowsAzureMobileServices.framework; sourceTree = "<group>"; };
		B78085651C01DFB500304913 /* placeholder_image.png */ = {isa = PBXFileReference; lastKnownFileType = image.png; name = placeholder_image.png; path = DemoImages/placeholder_image.png; sourceTree = "<group>"; };
		B78085671C01E3B800304913 /* POAObject.h */ = {isa = PBXFileReference; fileEncoding = 4; lastKnownFileType = sourcecode.c.h; name = POAObject.h; path = Tidy/POAObject.h; sourceTree = "<group>"; };
/* End PBXFileReference section */

/* Begin PBXFrameworksBuildPhase section */
		B703AC281C005DD500E6682B /* Frameworks */ = {
			isa = PBXFrameworksBuildPhase;
			buildActionMask = 2147483647;
			files = (
				B78085641C01DA3700304913 /* WindowsAzureMobileServices.framework in Frameworks */,
				B71376C21C00672800D446D5 /* MapKit.framework in Frameworks */,
			);
			runOnlyForDeploymentPostprocessing = 0;
		};
/* End PBXFrameworksBuildPhase section */

/* Begin PBXGroup section */
		B703AC221C005DD500E6682B = {
			isa = PBXGroup;
			children = (
				B703AC2D1C005DD500E6682B /* Tidy */,
				B703AC2C1C005DD500E6682B /* Products */,
			);
			sourceTree = "<group>";
		};
		B703AC2C1C005DD500E6682B /* Products */ = {
			isa = PBXGroup;
			children = (
				B703AC2B1C005DD500E6682B /* Tidy.app */,
			);
			name = Products;
			sourceTree = "<group>";
		};
		B703AC2D1C005DD500E6682B /* Tidy */ = {
			isa = PBXGroup;
			children = (
				B72626B61C007A9B00CCF4DD /* ViewControllers */,
				B780856A1C01E3BB00304913 /* POA Object */,
				B72626B11C006E3E00CCF4DD /* Libs */,
				B72626B81C007ACE00CCF4DD /* UI */,
				B703AC2E1C005DD500E6682B /* Supporting Files */,
			);
			path = Tidy;
			sourceTree = "<group>";
		};
		B703AC2E1C005DD500E6682B /* Supporting Files */ = {
			isa = PBXGroup;
			children = (
				B78085651C01DFB500304913 /* placeholder_image.png */,
				B73C0E6A1C00AF8900C9CBC8 /* trash1.jpg */,
				B73C0E6B1C00AF8900C9CBC8 /* trash2.jpg */,
				B73C0E6C1C00AF8900C9CBC8 /* trash3.jpg */,
				B72626B71C007ABB00CCF4DD /* Frameworks */,
				B703AC3F1C005DD500E6682B /* Info.plist */,
				B703AC3A1C005DD500E6682B /* Assets.xcassets */,
				B703AC311C005DD500E6682B /* AppDelegate.h */,
				B703AC321C005DD500E6682B /* AppDelegate.m */,
				B703AC2F1C005DD500E6682B /* main.m */,
			);
			name = "Supporting Files";
			sourceTree = "<group>";
		};
		B72626B11C006E3E00CCF4DD /* Libs */ = {
			isa = PBXGroup;
			children = (
				B72626B21C006E4900CCF4DD /* ARClusteredAnnotation */,
			);
			name = Libs;
			sourceTree = "<group>";
		};
		B72626B21C006E4900CCF4DD /* ARClusteredAnnotation */ = {
			isa = PBXGroup;
			children = (
				B72626AB1C006E3A00CCF4DD /* ARClusteredAnnotation.h */,
				B72626AC1C006E3A00CCF4DD /* ARClusteredAnnotation.m */,
				B72626AD1C006E3A00CCF4DD /* ARClusteredMapView.h */,
				B72626AE1C006E3A00CCF4DD /* ARClusteredMapView.m */,
			);
			name = ARClusteredAnnotation;
			sourceTree = "<group>";
		};
		B72626B61C007A9B00CCF4DD /* ViewControllers */ = {
			isa = PBXGroup;
			children = (
				B73C0E701C00B8EC00C9CBC8 /* InformationAddScreen.h */,
				B73C0E711C00B8EC00C9CBC8 /* InformationAddScreen.m */,
				66C676281C01C424006C0C2D /* TagViewCell.h */,
				66C676291C01C424006C0C2D /* TagViewCell.m */,
				B703AC341C005DD500E6682B /* MapScreen.h */,
				B703AC351C005DD500E6682B /* MapScreen.m */,
				B72626B31C007A9600CCF4DD /* POAScreen.h */,
				B72626B41C007A9600CCF4DD /* POAScreen.m */,
			);
			name = ViewControllers;
			path = ..;
			sourceTree = "<group>";
		};
		B72626B71C007ABB00CCF4DD /* Frameworks */ = {
			isa = PBXGroup;
			children = (
				B78085631C01DA3700304913 /* WindowsAzureMobileServices.framework */,
				B71376C11C00672800D446D5 /* MapKit.framework */,
			);
			name = Frameworks;
			sourceTree = "<group>";
		};
		B72626B81C007ACE00CCF4DD /* UI */ = {
			isa = PBXGroup;
			children = (
				B703AC371C005DD500E6682B /* Main.storyboard */,
				B703AC3C1C005DD500E6682B /* LaunchScreen.storyboard */,
			);
			name = UI;
			sourceTree = "<group>";
		};
		B780856A1C01E3BB00304913 /* POA Object */ = {
			isa = PBXGroup;
			children = (
				B78085671C01E3B800304913 /* POAObject.h */,
			);
			name = "POA Object";
			path = ..;
			sourceTree = "<group>";
		};
/* End PBXGroup section */

/* Begin PBXNativeTarget section */
		B703AC2A1C005DD500E6682B /* Tidy */ = {
			isa = PBXNativeTarget;
			buildConfigurationList = B703AC421C005DD500E6682B /* Build configuration list for PBXNativeTarget "Tidy" */;
			buildPhases = (
				B703AC271C005DD500E6682B /* Sources */,
				B703AC281C005DD500E6682B /* Frameworks */,
				B703AC291C005DD500E6682B /* Resources */,
			);
			buildRules = (
			);
			dependencies = (
			);
			name = Tidy;
			productName = Tidy;
			productReference = B703AC2B1C005DD500E6682B /* Tidy.app */;
			productType = "com.apple.product-type.application";
		};
/* End PBXNativeTarget section */

/* Begin PBXProject section */
		B703AC231C005DD500E6682B /* Project object */ = {
			isa = PBXProject;
			attributes = {
				LastUpgradeCheck = 0700;
				ORGANIZATIONNAME = "Deniss Kaibagarovs";
				TargetAttributes = {
					B703AC2A1C005DD500E6682B = {
						CreatedOnToolsVersion = 7.0.1;
					};
				};
			};
			buildConfigurationList = B703AC261C005DD500E6682B /* Build configuration list for PBXProject "Tidy" */;
			compatibilityVersion = "Xcode 3.2";
			developmentRegion = English;
			hasScannedForEncodings = 0;
			knownRegions = (
				en,
				Base,
			);
			mainGroup = B703AC221C005DD500E6682B;
			productRefGroup = B703AC2C1C005DD500E6682B /* Products */;
			projectDirPath = "";
			projectRoot = "";
			targets = (
				B703AC2A1C005DD500E6682B /* Tidy */,
			);
		};
/* End PBXProject section */

/* Begin PBXResourcesBuildPhase section */
		B703AC291C005DD500E6682B /* Resources */ = {
			isa = PBXResourcesBuildPhase;
			buildActionMask = 2147483647;
			files = (
				B78085661C01DFB500304913 /* placeholder_image.png in Resources */,
				B73C0E6D1C00AF8900C9CBC8 /* trash1.jpg in Resources */,
				B703AC3E1C005DD500E6682B /* LaunchScreen.storyboard in Resources */,
				B73C0E6F1C00AF8900C9CBC8 /* trash3.jpg in Resources */,
				B73C0E6E1C00AF8900C9CBC8 /* trash2.jpg in Resources */,
				B703AC3B1C005DD500E6682B /* Assets.xcassets in Resources */,
				B703AC391C005DD500E6682B /* Main.storyboard in Resources */,
			);
			runOnlyForDeploymentPostprocessing = 0;
		};
/* End PBXResourcesBuildPhase section */

/* Begin PBXSourcesBuildPhase section */
		B703AC271C005DD500E6682B /* Sources */ = {
			isa = PBXSourcesBuildPhase;
			buildActionMask = 2147483647;
			files = (
				B703AC361C005DD500E6682B /* MapScreen.m in Sources */,
				B703AC331C005DD500E6682B /* AppDelegate.m in Sources */,
				B72626B51C007A9600CCF4DD /* POAScreen.m in Sources */,
				B72626B01C006E3A00CCF4DD /* ARClusteredMapView.m in Sources */,
				B703AC301C005DD500E6682B /* main.m in Sources */,
				B73C0E721C00B8EC00C9CBC8 /* InformationAddScreen.m in Sources */,
				B72626AF1C006E3A00CCF4DD /* ARClusteredAnnotation.m in Sources */,
				66C6762A1C01C424006C0C2D /* TagViewCell.m in Sources */,
			);
			runOnlyForDeploymentPostprocessing = 0;
		};
/* End PBXSourcesBuildPhase section */

/* Begin PBXVariantGroup section */
		B703AC371C005DD500E6682B /* Main.storyboard */ = {
			isa = PBXVariantGroup;
			children = (
				B703AC381C005DD500E6682B /* Base */,
			);
			name = Main.storyboard;
			sourceTree = "<group>";
		};
		B703AC3C1C005DD500E6682B /* LaunchScreen.storyboard */ = {
			isa = PBXVariantGroup;
			children = (
				B703AC3D1C005DD500E6682B /* Base */,
			);
			name = LaunchScreen.storyboard;
			sourceTree = "<group>";
		};
/* End PBXVariantGroup section */

/* Begin XCBuildConfiguration section */
		B703AC401C005DD500E6682B /* Debug */ = {
			isa = XCBuildConfiguration;
			buildSettings = {
				ALWAYS_SEARCH_USER_PATHS = NO;
				CLANG_CXX_LANGUAGE_STANDARD = "gnu++0x";
				CLANG_CXX_LIBRARY = "libc++";
				CLANG_ENABLE_MODULES = YES;
				CLANG_ENABLE_OBJC_ARC = YES;
				CLANG_WARN_BOOL_CONVERSION = YES;
				CLANG_WARN_CONSTANT_CONVERSION = YES;
				CLANG_WARN_DIRECT_OBJC_ISA_USAGE = YES_ERROR;
				CLANG_WARN_EMPTY_BODY = YES;
				CLANG_WARN_ENUM_CONVERSION = YES;
				CLANG_WARN_INT_CONVERSION = YES;
				CLANG_WARN_OBJC_ROOT_CLASS = YES_ERROR;
				CLANG_WARN_UNREACHABLE_CODE = YES;
				CLANG_WARN__DUPLICATE_METHOD_MATCH = YES;
				"CODE_SIGN_IDENTITY[sdk=iphoneos*]" = "iPhone Developer";
				COPY_PHASE_STRIP = NO;
				DEBUG_INFORMATION_FORMAT = dwarf;
				ENABLE_STRICT_OBJC_MSGSEND = YES;
				ENABLE_TESTABILITY = YES;
				GCC_C_LANGUAGE_STANDARD = gnu99;
				GCC_DYNAMIC_NO_PIC = NO;
				GCC_NO_COMMON_BLOCKS = YES;
				GCC_OPTIMIZATION_LEVEL = 0;
				GCC_PREPROCESSOR_DEFINITIONS = (
					"DEBUG=1",
					"$(inherited)",
				);
				GCC_WARN_64_TO_32_BIT_CONVERSION = YES;
				GCC_WARN_ABOUT_RETURN_TYPE = YES_ERROR;
				GCC_WARN_UNDECLARED_SELECTOR = YES;
				GCC_WARN_UNINITIALIZED_AUTOS = YES_AGGRESSIVE;
				GCC_WARN_UNUSED_FUNCTION = YES;
				GCC_WARN_UNUSED_VARIABLE = YES;
				IPHONEOS_DEPLOYMENT_TARGET = 9.0;
				MTL_ENABLE_DEBUG_INFO = YES;
				ONLY_ACTIVE_ARCH = YES;
				SDKROOT = iphoneos;
			};
			name = Debug;
		};
		B703AC411C005DD500E6682B /* Release */ = {
			isa = XCBuildConfiguration;
			buildSettings = {
				ALWAYS_SEARCH_USER_PATHS = NO;
				CLANG_CXX_LANGUAGE_STANDARD = "gnu++0x";
				CLANG_CXX_LIBRARY = "libc++";
				CLANG_ENABLE_MODULES = YES;
				CLANG_ENABLE_OBJC_ARC = YES;
				CLANG_WARN_BOOL_CONVERSION = YES;
				CLANG_WARN_CONSTANT_CONVERSION = YES;
				CLANG_WARN_DIRECT_OBJC_ISA_USAGE = YES_ERROR;
				CLANG_WARN_EMPTY_BODY = YES;
				CLANG_WARN_ENUM_CONVERSION = YES;
				CLANG_WARN_INT_CONVERSION = YES;
				CLANG_WARN_OBJC_ROOT_CLASS = YES_ERROR;
				CLANG_WARN_UNREACHABLE_CODE = YES;
				CLANG_WARN__DUPLICATE_METHOD_MATCH = YES;
				"CODE_SIGN_IDENTITY[sdk=iphoneos*]" = "iPhone Developer";
				COPY_PHASE_STRIP = NO;
				DEBUG_INFORMATION_FORMAT = "dwarf-with-dsym";
				ENABLE_NS_ASSERTIONS = NO;
				ENABLE_STRICT_OBJC_MSGSEND = YES;
				GCC_C_LANGUAGE_STANDARD = gnu99;
				GCC_NO_COMMON_BLOCKS = YES;
				GCC_WARN_64_TO_32_BIT_CONVERSION = YES;
				GCC_WARN_ABOUT_RETURN_TYPE = YES_ERROR;
				GCC_WARN_UNDECLARED_SELECTOR = YES;
				GCC_WARN_UNINITIALIZED_AUTOS = YES_AGGRESSIVE;
				GCC_WARN_UNUSED_FUNCTION = YES;
				GCC_WARN_UNUSED_VARIABLE = YES;
				IPHONEOS_DEPLOYMENT_TARGET = 9.0;
				MTL_ENABLE_DEBUG_INFO = NO;
				SDKROOT = iphoneos;
				VALIDATE_PRODUCT = YES;
			};
			name = Release;
		};
		B703AC431C005DD500E6682B /* Debug */ = {
			isa = XCBuildConfiguration;
			buildSettings = {
				ASSETCATALOG_COMPILER_APPICON_NAME = AppIcon;
				FRAMEWORK_SEARCH_PATHS = (
					"$(inherited)",
					"$(PROJECT_DIR)/Tidy",
				);
				INFOPLIST_FILE = Tidy/Info.plist;
				IPHONEOS_DEPLOYMENT_TARGET = 9.0;
				LD_RUNPATH_SEARCH_PATHS = "$(inherited) @executable_path/Frameworks";
				PRODUCT_BUNDLE_IDENTIFIER = com.sudo.Tidy;
				PRODUCT_NAME = "$(TARGET_NAME)";
			};
			name = Debug;
		};
		B703AC441C005DD500E6682B /* Release */ = {
			isa = XCBuildConfiguration;
			buildSettings = {
				ASSETCATALOG_COMPILER_APPICON_NAME = AppIcon;
				FRAMEWORK_SEARCH_PATHS = (
					"$(inherited)",
					"$(PROJECT_DIR)/Tidy",
				);
				INFOPLIST_FILE = Tidy/Info.plist;
				IPHONEOS_DEPLOYMENT_TARGET = 9.0;
				LD_RUNPATH_SEARCH_PATHS = "$(inherited) @executable_path/Frameworks";
				PRODUCT_BUNDLE_IDENTIFIER = com.sudo.Tidy;
				PRODUCT_NAME = "$(TARGET_NAME)";
			};
			name = Release;
		};
/* End XCBuildConfiguration section */

/* Begin XCConfigurationList section */
		B703AC261C005DD500E6682B /* Build configuration list for PBXProject "Tidy" */ = {
			isa = XCConfigurationList;
			buildConfigurations = (
				B703AC401C005DD500E6682B /* Debug */,
				B703AC411C005DD500E6682B /* Release */,
			);
			defaultConfigurationIsVisible = 0;
			defaultConfigurationName = Release;
		};
		B703AC421C005DD500E6682B /* Build configuration list for PBXNativeTarget "Tidy" */ = {
			isa = XCConfigurationList;
			buildConfigurations = (
				B703AC431C005DD500E6682B /* Debug */,
				B703AC441C005DD500E6682B /* Release */,
			);
			defaultConfigurationIsVisible = 0;
			defaultConfigurationName = Release;
		};
/* End XCConfigurationList section */
	};
	rootObject = B703AC231C005DD500E6682B /* Project object */;
}
